
Microsoft Visual Studio Solution File, Format Version 12.00
# Visual Studio Version 17
VisualStudioVersion = 17.9.34728.123
MinimumVisualStudioVersion = 10.0.40219.1
Project("{FAE04EC0-301F-11D3-BF4B-00C04F79EFBC}") = "Entity", "Entity\Entity.csproj", "{F67B56C0-E594-4386-863B-6F3C1F71906A}"
EndProject
Project("{FAE04EC0-301F-11D3-BF4B-00C04F79EFBC}") = "Repository", "Repository\Repository.csproj", "{669BB1D9-6968-44E3-B83B-52EB0B6D98F1}"
EndProject
Project("{FAE04EC0-301F-11D3-BF4B-00C04F79EFBC}") = "Service", "Service\Service.csproj", "{269741B7-5113-4F25-986B-196EA76D376E}"
EndProject
Project("{FAE04EC0-301F-11D3-BF4B-00C04F79EFBC}") = "Api", "Api\Api.csproj", "{AB0A90F9-B544-468C-921F-C1C19C9D0576}"
EndProject
Global
	GlobalSection(SolutionConfigurationPlatforms) = preSolution
		Debug|Any CPU = Debug|Any CPU
		Release|Any CPU = Release|Any CPU
	EndGlobalSection
	GlobalSection(ProjectConfigurationPlatforms) = postSolution
		{F67B56C0-E594-4386-863B-6F3C1F71906A}.Debug|Any CPU.ActiveCfg = Debug|Any CPU
		{F67B56C0-E594-4386-863B-6F3C1F71906A}.Debug|Any CPU.Build.0 = Debug|Any CPU
		{F67B56C0-E594-4386-863B-6F3C1F71906A}.Release|Any CPU.ActiveCfg = Release|Any CPU
		{F67B56C0-E594-4386-863B-6F3C1F71906A}.Release|Any CPU.Build.0 = Release|Any CPU
		{669BB1D9-6968-44E3-B83B-52EB0B6D98F1}.Debug|Any CPU.ActiveCfg = Debug|Any CPU
		{669BB1D9-6968-44E3-B83B-52EB0B6D98F1}.Debug|Any CPU.Build.0 = Debug|Any CPU
		{669BB1D9-6968-44E3-B83B-52EB0B6D98F1}.Release|Any CPU.ActiveCfg = Release|Any CPU
		{669BB1D9-6968-44E3-B83B-52EB0B6D98F1}.Release|Any CPU.Build.0 = Release|Any CPU
		{269741B7-5113-4F25-986B-196EA76D376E}.Debug|Any CPU.ActiveCfg = Debug|Any CPU
		{269741B7-5113-4F25-986B-196EA76D376E}.Debug|Any CPU.Build.0 = Debug|Any CPU
		{269741B7-5113-4F25-986B-196EA76D376E}.Release|Any CPU.ActiveCfg = Release|Any CPU
		{269741B7-5113-4F25-986B-196EA76D376E}.Release|Any CPU.Build.0 = Release|Any CPU
		{AB0A90F9-B544-468C-921F-C1C19C9D0576}.Debug|Any CPU.ActiveCfg = Debug|Any CPU
		{AB0A90F9-B544-468C-921F-C1C19C9D0576}.Debug|Any CPU.Build.0 = Debug|Any CPU
		{AB0A90F9-B544-468C-921F-C1C19C9D0576}.Release|Any CPU.ActiveCfg = Release|Any CPU
		{AB0A90F9-B544-468C-921F-C1C19C9D0576}.Release|Any CPU.Build.0 = Release|Any CPU
	EndGlobalSection
	GlobalSection(SolutionProperties) = preSolution
		HideSolutionNode = FALSE
	EndGlobalSection
	GlobalSection(ExtensibilityGlobals) = postSolution
		SolutionGuid = {844FD85C-A324-49C4-9CF5-635F633CA0B4}
	EndGlobalSection
EndGlobal
